// !$*UTF8*$!
{
	archiveVersion = 1;
	classes = {
	};
	objectVersion = 50;
	objects = {

/* Begin PBXBuildFile section */
		1A8DA0F8A2AEF6D699F9D0EC /* Pods_STMSampleApp_STMSampleAppUITests.framework in Frameworks */ = {isa = PBXBuildFile; fileRef = 39FB4BE2CCB5DBD8AC8921CE /* Pods_STMSampleApp_STMSampleAppUITests.framework */; };
		606279CD7739E60E041E206B /* Pods_STMSampleApp.framework in Frameworks */ = {isa = PBXBuildFile; fileRef = 5FF99D523F3A06F82A283820 /* Pods_STMSampleApp.framework */; };
		7844214E8E497B35C21CED90 /* Pods_STMSampleAppTests.framework in Frameworks */ = {isa = PBXBuildFile; fileRef = 9AE3C6351FE30B74C72805C6 /* Pods_STMSampleAppTests.framework */; };
		D614CF18253D3A2200A1D098 /* AppDelegate.swift in Sources */ = {isa = PBXBuildFile; fileRef = D614CF17253D3A2200A1D098 /* AppDelegate.swift */; };
		D614CF1A253D3A2200A1D098 /* SceneDelegate.swift in Sources */ = {isa = PBXBuildFile; fileRef = D614CF19253D3A2200A1D098 /* SceneDelegate.swift */; };
		D614CF1C253D3A2200A1D098 /* ViewController.swift in Sources */ = {isa = PBXBuildFile; fileRef = D614CF1B253D3A2200A1D098 /* ViewController.swift */; };
		D614CF1F253D3A2200A1D098 /* Main.storyboard in Resources */ = {isa = PBXBuildFile; fileRef = D614CF1D253D3A2200A1D098 /* Main.storyboard */; };
		D614CF21253D3A2400A1D098 /* Assets.xcassets in Resources */ = {isa = PBXBuildFile; fileRef = D614CF20253D3A2400A1D098 /* Assets.xcassets */; };
		D614CF24253D3A2400A1D098 /* LaunchScreen.storyboard in Resources */ = {isa = PBXBuildFile; fileRef = D614CF22253D3A2400A1D098 /* LaunchScreen.storyboard */; };
		D614CF2F253D3A2500A1D098 /* STMSampleAppTests.swift in Sources */ = {isa = PBXBuildFile; fileRef = D614CF2E253D3A2500A1D098 /* STMSampleAppTests.swift */; };
		D614CF3A253D3A2500A1D098 /* STMSampleAppUITests.swift in Sources */ = {isa = PBXBuildFile; fileRef = D614CF39253D3A2500A1D098 /* STMSampleAppUITests.swift */; };
/* End PBXBuildFile section */

/* Begin PBXContainerItemProxy section */
		D614CF2B253D3A2500A1D098 /* PBXContainerItemProxy */ = {
			isa = PBXContainerItemProxy;
			containerPortal = D614CF0C253D3A2200A1D098 /* Project object */;
			proxyType = 1;
			remoteGlobalIDString = D614CF13253D3A2200A1D098;
			remoteInfo = STMSampleApp;
		};
		D614CF36253D3A2500A1D098 /* PBXContainerItemProxy */ = {
			isa = PBXContainerItemProxy;
			containerPortal = D614CF0C253D3A2200A1D098 /* Project object */;
			proxyType = 1;
			remoteGlobalIDString = D614CF13253D3A2200A1D098;
			remoteInfo = STMSampleApp;
		};
/* End PBXContainerItemProxy section */

/* Begin PBXFileReference section */
		148639125A024263366C79A9 /* Pods-STMSampleApp-STMSampleAppUITests.debug.xcconfig */ = {isa = PBXFileReference; includeInIndex = 1; lastKnownFileType = text.xcconfig; name = "Pods-STMSampleApp-STMSampleAppUITests.debug.xcconfig"; path = "Target Support Files/Pods-STMSampleApp-STMSampleAppUITests/Pods-STMSampleApp-STMSampleAppUITests.debug.xcconfig"; sourceTree = "<group>"; };
		39FB4BE2CCB5DBD8AC8921CE /* Pods_STMSampleApp_STMSampleAppUITests.framework */ = {isa = PBXFileReference; explicitFileType = wrapper.framework; includeInIndex = 0; path = Pods_STMSampleApp_STMSampleAppUITests.framework; sourceTree = BUILT_PRODUCTS_DIR; };
		587BA00C1B7A47A0A5CA1018 /* Pods-STMSampleApp.release.xcconfig */ = {isa = PBXFileReference; includeInIndex = 1; lastKnownFileType = text.xcconfig; name = "Pods-STMSampleApp.release.xcconfig"; path = "Target Support Files/Pods-STMSampleApp/Pods-STMSampleApp.release.xcconfig"; sourceTree = "<group>"; };
		5FF99D523F3A06F82A283820 /* Pods_STMSampleApp.framework */ = {isa = PBXFileReference; explicitFileType = wrapper.framework; includeInIndex = 0; path = Pods_STMSampleApp.framework; sourceTree = BUILT_PRODUCTS_DIR; };
		61862CC6327646512127E583 /* Pods-STMSampleAppTests.release.xcconfig */ = {isa = PBXFileReference; includeInIndex = 1; lastKnownFileType = text.xcconfig; name = "Pods-STMSampleAppTests.release.xcconfig"; path = "Target Support Files/Pods-STMSampleAppTests/Pods-STMSampleAppTests.release.xcconfig"; sourceTree = "<group>"; };
		9A858926C5950230C3CCAA9C /* Pods-STMSampleApp-STMSampleAppUITests.release.xcconfig */ = {isa = PBXFileReference; includeInIndex = 1; lastKnownFileType = text.xcconfig; name = "Pods-STMSampleApp-STMSampleAppUITests.release.xcconfig"; path = "Target Support Files/Pods-STMSampleApp-STMSampleAppUITests/Pods-STMSampleApp-STMSampleAppUITests.release.xcconfig"; sourceTree = "<group>"; };
		9AE3C6351FE30B74C72805C6 /* Pods_STMSampleAppTests.framework */ = {isa = PBXFileReference; explicitFileType = wrapper.framework; includeInIndex = 0; path = Pods_STMSampleAppTests.framework; sourceTree = BUILT_PRODUCTS_DIR; };
		D614CF14253D3A2200A1D098 /* STMSampleApp.app */ = {isa = PBXFileReference; explicitFileType = wrapper.application; includeInIndex = 0; path = STMSampleApp.app; sourceTree = BUILT_PRODUCTS_DIR; };
		D614CF17253D3A2200A1D098 /* AppDelegate.swift */ = {isa = PBXFileReference; lastKnownFileType = sourcecode.swift; path = AppDelegate.swift; sourceTree = "<group>"; };
		D614CF19253D3A2200A1D098 /* SceneDelegate.swift */ = {isa = PBXFileReference; lastKnownFileType = sourcecode.swift; path = SceneDelegate.swift; sourceTree = "<group>"; };
		D614CF1B253D3A2200A1D098 /* ViewController.swift */ = {isa = PBXFileReference; lastKnownFileType = sourcecode.swift; path = ViewController.swift; sourceTree = "<group>"; };
		D614CF1E253D3A2200A1D098 /* Base */ = {isa = PBXFileReference; lastKnownFileType = file.storyboard; name = Base; path = Base.lproj/Main.storyboard; sourceTree = "<group>"; };
		D614CF20253D3A2400A1D098 /* Assets.xcassets */ = {isa = PBXFileReference; lastKnownFileType = folder.assetcatalog; path = Assets.xcassets; sourceTree = "<group>"; };
		D614CF23253D3A2400A1D098 /* Base */ = {isa = PBXFileReference; lastKnownFileType = file.storyboard; name = Base; path = Base.lproj/LaunchScreen.storyboard; sourceTree = "<group>"; };
		D614CF25253D3A2400A1D098 /* Info.plist */ = {isa = PBXFileReference; lastKnownFileType = text.plist.xml; path = Info.plist; sourceTree = "<group>"; };
		D614CF2A253D3A2500A1D098 /* STMSampleAppTests.xctest */ = {isa = PBXFileReference; explicitFileType = wrapper.cfbundle; includeInIndex = 0; path = STMSampleAppTests.xctest; sourceTree = BUILT_PRODUCTS_DIR; };
		D614CF2E253D3A2500A1D098 /* STMSampleAppTests.swift */ = {isa = PBXFileReference; lastKnownFileType = sourcecode.swift; path = STMSampleAppTests.swift; sourceTree = "<group>"; };
		D614CF30253D3A2500A1D098 /* Info.plist */ = {isa = PBXFileReference; lastKnownFileType = text.plist.xml; path = Info.plist; sourceTree = "<group>"; };
		D614CF35253D3A2500A1D098 /* STMSampleAppUITests.xctest */ = {isa = PBXFileReference; explicitFileType = wrapper.cfbundle; includeInIndex = 0; path = STMSampleAppUITests.xctest; sourceTree = BUILT_PRODUCTS_DIR; };
		D614CF39253D3A2500A1D098 /* STMSampleAppUITests.swift */ = {isa = PBXFileReference; lastKnownFileType = sourcecode.swift; path = STMSampleAppUITests.swift; sourceTree = "<group>"; };
		D614CF3B253D3A2500A1D098 /* Info.plist */ = {isa = PBXFileReference; lastKnownFileType = text.plist.xml; path = Info.plist; sourceTree = "<group>"; };
		E6C9AC3CA8DA1D2690F2C306 /* Pods-STMSampleAppTests.debug.xcconfig */ = {isa = PBXFileReference; includeInIndex = 1; lastKnownFileType = text.xcconfig; name = "Pods-STMSampleAppTests.debug.xcconfig"; path = "Target Support Files/Pods-STMSampleAppTests/Pods-STMSampleAppTests.debug.xcconfig"; sourceTree = "<group>"; };
		FF0C723DF064E683ABE372C4 /* Pods-STMSampleApp.debug.xcconfig */ = {isa = PBXFileReference; includeInIndex = 1; lastKnownFileType = text.xcconfig; name = "Pods-STMSampleApp.debug.xcconfig"; path = "Target Support Files/Pods-STMSampleApp/Pods-STMSampleApp.debug.xcconfig"; sourceTree = "<group>"; };
/* End PBXFileReference section */

/* Begin PBXFrameworksBuildPhase section */
		D614CF11253D3A2200A1D098 /* Frameworks */ = {
			isa = PBXFrameworksBuildPhase;
			buildActionMask = 2147483647;
			files = (
				606279CD7739E60E041E206B /* Pods_STMSampleApp.framework in Frameworks */,
			);
			runOnlyForDeploymentPostprocessing = 0;
		};
		D614CF27253D3A2500A1D098 /* Frameworks */ = {
			isa = PBXFrameworksBuildPhase;
			buildActionMask = 2147483647;
			files = (
				7844214E8E497B35C21CED90 /* Pods_STMSampleAppTests.framework in Frameworks */,
			);
			runOnlyForDeploymentPostprocessing = 0;
		};
		D614CF32253D3A2500A1D098 /* Frameworks */ = {
			isa = PBXFrameworksBuildPhase;
			buildActionMask = 2147483647;
			files = (
				1A8DA0F8A2AEF6D699F9D0EC /* Pods_STMSampleApp_STMSampleAppUITests.framework in Frameworks */,
			);
			runOnlyForDeploymentPostprocessing = 0;
		};
/* End PBXFrameworksBuildPhase section */

/* Begin PBXGroup section */
		49B2629119FB787B34D4F0C3 /* Frameworks */ = {
			isa = PBXGroup;
			children = (
				5FF99D523F3A06F82A283820 /* Pods_STMSampleApp.framework */,
				39FB4BE2CCB5DBD8AC8921CE /* Pods_STMSampleApp_STMSampleAppUITests.framework */,
				9AE3C6351FE30B74C72805C6 /* Pods_STMSampleAppTests.framework */,
			);
			name = Frameworks;
			sourceTree = "<group>";
		};
		8A6096F8485C5F798E4523EF /* Pods */ = {
			isa = PBXGroup;
			children = (
				FF0C723DF064E683ABE372C4 /* Pods-STMSampleApp.debug.xcconfig */,
				587BA00C1B7A47A0A5CA1018 /* Pods-STMSampleApp.release.xcconfig */,
				148639125A024263366C79A9 /* Pods-STMSampleApp-STMSampleAppUITests.debug.xcconfig */,
				9A858926C5950230C3CCAA9C /* Pods-STMSampleApp-STMSampleAppUITests.release.xcconfig */,
				E6C9AC3CA8DA1D2690F2C306 /* Pods-STMSampleAppTests.debug.xcconfig */,
				61862CC6327646512127E583 /* Pods-STMSampleAppTests.release.xcconfig */,
			);
			name = Pods;
			path = Pods;
			sourceTree = "<group>";
		};
		D614CF0B253D3A2200A1D098 = {
			isa = PBXGroup;
			children = (
				D614CF16253D3A2200A1D098 /* STMSampleApp */,
				D614CF2D253D3A2500A1D098 /* STMSampleAppTests */,
				D614CF38253D3A2500A1D098 /* STMSampleAppUITests */,
				D614CF15253D3A2200A1D098 /* Products */,
				8A6096F8485C5F798E4523EF /* Pods */,
				49B2629119FB787B34D4F0C3 /* Frameworks */,
			);
			sourceTree = "<group>";
		};
		D614CF15253D3A2200A1D098 /* Products */ = {
			isa = PBXGroup;
			children = (
				D614CF14253D3A2200A1D098 /* STMSampleApp.app */,
				D614CF2A253D3A2500A1D098 /* STMSampleAppTests.xctest */,
				D614CF35253D3A2500A1D098 /* STMSampleAppUITests.xctest */,
			);
			name = Products;
			sourceTree = "<group>";
		};
		D614CF16253D3A2200A1D098 /* STMSampleApp */ = {
			isa = PBXGroup;
			children = (
				D614CF17253D3A2200A1D098 /* AppDelegate.swift */,
				D614CF19253D3A2200A1D098 /* SceneDelegate.swift */,
				D614CF1B253D3A2200A1D098 /* ViewController.swift */,
				D614CF1D253D3A2200A1D098 /* Main.storyboard */,
				D614CF20253D3A2400A1D098 /* Assets.xcassets */,
				D614CF22253D3A2400A1D098 /* LaunchScreen.storyboard */,
				D614CF25253D3A2400A1D098 /* Info.plist */,
			);
			path = STMSampleApp;
			sourceTree = "<group>";
		};
		D614CF2D253D3A2500A1D098 /* STMSampleAppTests */ = {
			isa = PBXGroup;
			children = (
				D614CF2E253D3A2500A1D098 /* STMSampleAppTests.swift */,
				D614CF30253D3A2500A1D098 /* Info.plist */,
			);
			path = STMSampleAppTests;
			sourceTree = "<group>";
		};
		D614CF38253D3A2500A1D098 /* STMSampleAppUITests */ = {
			isa = PBXGroup;
			children = (
				D614CF39253D3A2500A1D098 /* STMSampleAppUITests.swift */,
				D614CF3B253D3A2500A1D098 /* Info.plist */,
			);
			path = STMSampleAppUITests;
			sourceTree = "<group>";
		};
/* End PBXGroup section */

/* Begin PBXNativeTarget section */
		D614CF13253D3A2200A1D098 /* STMSampleApp */ = {
			isa = PBXNativeTarget;
			buildConfigurationList = D614CF3E253D3A2500A1D098 /* Build configuration list for PBXNativeTarget "STMSampleApp" */;
			buildPhases = (
				41E5659977BD46E7C478D7CE /* [CP] Check Pods Manifest.lock */,
				D614CF10253D3A2200A1D098 /* Sources */,
				D614CF11253D3A2200A1D098 /* Frameworks */,
				D614CF12253D3A2200A1D098 /* Resources */,
			);
			buildRules = (
			);
			dependencies = (
			);
			name = STMSampleApp;
			productName = STMSampleApp;
			productReference = D614CF14253D3A2200A1D098 /* STMSampleApp.app */;
			productType = "com.apple.product-type.application";
		};
		D614CF29253D3A2500A1D098 /* STMSampleAppTests */ = {
			isa = PBXNativeTarget;
			buildConfigurationList = D614CF41253D3A2500A1D098 /* Build configuration list for PBXNativeTarget "STMSampleAppTests" */;
			buildPhases = (
				BB7CBE8E23A9EABF417982F3 /* [CP] Check Pods Manifest.lock */,
				D614CF26253D3A2500A1D098 /* Sources */,
				D614CF27253D3A2500A1D098 /* Frameworks */,
				D614CF28253D3A2500A1D098 /* Resources */,
			);
			buildRules = (
			);
			dependencies = (
				D614CF2C253D3A2500A1D098 /* PBXTargetDependency */,
			);
			name = STMSampleAppTests;
			productName = STMSampleAppTests;
			productReference = D614CF2A253D3A2500A1D098 /* STMSampleAppTests.xctest */;
			productType = "com.apple.product-type.bundle.unit-test";
		};
		D614CF34253D3A2500A1D098 /* STMSampleAppUITests */ = {
			isa = PBXNativeTarget;
			buildConfigurationList = D614CF44253D3A2500A1D098 /* Build configuration list for PBXNativeTarget "STMSampleAppUITests" */;
			buildPhases = (
				916157B47C45C61F3B352DD7 /* [CP] Check Pods Manifest.lock */,
				D614CF31253D3A2500A1D098 /* Sources */,
				D614CF32253D3A2500A1D098 /* Frameworks */,
				D614CF33253D3A2500A1D098 /* Resources */,
			);
			buildRules = (
			);
			dependencies = (
				D614CF37253D3A2500A1D098 /* PBXTargetDependency */,
			);
			name = STMSampleAppUITests;
			productName = STMSampleAppUITests;
			productReference = D614CF35253D3A2500A1D098 /* STMSampleAppUITests.xctest */;
			productType = "com.apple.product-type.bundle.ui-testing";
		};
/* End PBXNativeTarget section */

/* Begin PBXProject section */
		D614CF0C253D3A2200A1D098 /* Project object */ = {
			isa = PBXProject;
			attributes = {
				LastSwiftUpdateCheck = 1200;
				LastUpgradeCheck = 1200;
				TargetAttributes = {
					D614CF13253D3A2200A1D098 = {
						CreatedOnToolsVersion = 12.0.1;
					};
					D614CF29253D3A2500A1D098 = {
						CreatedOnToolsVersion = 12.0.1;
						TestTargetID = D614CF13253D3A2200A1D098;
					};
					D614CF34253D3A2500A1D098 = {
						CreatedOnToolsVersion = 12.0.1;
						TestTargetID = D614CF13253D3A2200A1D098;
					};
				};
			};
			buildConfigurationList = D614CF0F253D3A2200A1D098 /* Build configuration list for PBXProject "STMSampleApp" */;
			compatibilityVersion = "Xcode 9.3";
			developmentRegion = en;
			hasScannedForEncodings = 0;
			knownRegions = (
				en,
				Base,
			);
			mainGroup = D614CF0B253D3A2200A1D098;
			productRefGroup = D614CF15253D3A2200A1D098 /* Products */;
			projectDirPath = "";
			projectRoot = "";
			targets = (
				D614CF13253D3A2200A1D098 /* STMSampleApp */,
				D614CF29253D3A2500A1D098 /* STMSampleAppTests */,
				D614CF34253D3A2500A1D098 /* STMSampleAppUITests */,
			);
		};
/* End PBXProject section */

/* Begin PBXResourcesBuildPhase section */
		D614CF12253D3A2200A1D098 /* Resources */ = {
			isa = PBXResourcesBuildPhase;
			buildActionMask = 2147483647;
			files = (
				D614CF24253D3A2400A1D098 /* LaunchScreen.storyboard in Resources */,
				D614CF21253D3A2400A1D098 /* Assets.xcassets in Resources */,
				D614CF1F253D3A2200A1D098 /* Main.storyboard in Resources */,
			);
			runOnlyForDeploymentPostprocessing = 0;
		};
		D614CF28253D3A2500A1D098 /* Resources */ = {
			isa = PBXResourcesBuildPhase;
			buildActionMask = 2147483647;
			files = (
			);
			runOnlyForDeploymentPostprocessing = 0;
		};
		D614CF33253D3A2500A1D098 /* Resources */ = {
			isa = PBXResourcesBuildPhase;
			buildActionMask = 2147483647;
			files = (
			);
			runOnlyForDeploymentPostprocessing = 0;
		};
/* End PBXResourcesBuildPhase section */

/* Begin PBXShellScriptBuildPhase section */
		41E5659977BD46E7C478D7CE /* [CP] Check Pods Manifest.lock */ = {
			isa = PBXShellScriptBuildPhase;
			buildActionMask = 2147483647;
			files = (
			);
			inputFileListPaths = (
			);
			inputPaths = (
				"${PODS_PODFILE_DIR_PATH}/Podfile.lock",
				"${PODS_ROOT}/Manifest.lock",
			);
			name = "[CP] Check Pods Manifest.lock";
			outputFileListPaths = (
			);
			outputPaths = (
				"$(DERIVED_FILE_DIR)/Pods-STMSampleApp-checkManifestLockResult.txt",
			);
			runOnlyForDeploymentPostprocessing = 0;
			shellPath = /bin/sh;
			shellScript = "diff \"${PODS_PODFILE_DIR_PATH}/Podfile.lock\" \"${PODS_ROOT}/Manifest.lock\" > /dev/null\nif [ $? != 0 ] ; then\n    # print error to STDERR\n    echo \"error: The sandbox is not in sync with the Podfile.lock. Run 'pod install' or update your CocoaPods installation.\" >&2\n    exit 1\nfi\n# This output is used by Xcode 'outputs' to avoid re-running this script phase.\necho \"SUCCESS\" > \"${SCRIPT_OUTPUT_FILE_0}\"\n";
			showEnvVarsInLog = 0;
		};
		916157B47C45C61F3B352DD7 /* [CP] Check Pods Manifest.lock */ = {
			isa = PBXShellScriptBuildPhase;
			buildActionMask = 2147483647;
			files = (
			);
			inputFileListPaths = (
			);
			inputPaths = (
				"${PODS_PODFILE_DIR_PATH}/Podfile.lock",
				"${PODS_ROOT}/Manifest.lock",
			);
			name = "[CP] Check Pods Manifest.lock";
			outputFileListPaths = (
			);
			outputPaths = (
				"$(DERIVED_FILE_DIR)/Pods-STMSampleApp-STMSampleAppUITests-checkManifestLockResult.txt",
			);
			runOnlyForDeploymentPostprocessing = 0;
			shellPath = /bin/sh;
			shellScript = "diff \"${PODS_PODFILE_DIR_PATH}/Podfile.lock\" \"${PODS_ROOT}/Manifest.lock\" > /dev/null\nif [ $? != 0 ] ; then\n    # print error to STDERR\n    echo \"error: The sandbox is not in sync with the Podfile.lock. Run 'pod install' or update your CocoaPods installation.\" >&2\n    exit 1\nfi\n# This output is used by Xcode 'outputs' to avoid re-running this script phase.\necho \"SUCCESS\" > \"${SCRIPT_OUTPUT_FILE_0}\"\n";
			showEnvVarsInLog = 0;
		};
		BB7CBE8E23A9EABF417982F3 /* [CP] Check Pods Manifest.lock */ = {
			isa = PBXShellScriptBuildPhase;
			buildActionMask = 2147483647;
			files = (
			);
			inputFileListPaths = (
			);
			inputPaths = (
				"${PODS_PODFILE_DIR_PATH}/Podfile.lock",
				"${PODS_ROOT}/Manifest.lock",
			);
			name = "[CP] Check Pods Manifest.lock";
			outputFileListPaths = (
			);
			outputPaths = (
				"$(DERIVED_FILE_DIR)/Pods-STMSampleAppTests-checkManifestLockResult.txt",
			);
			runOnlyForDeploymentPostprocessing = 0;
			shellPath = /bin/sh;
			shellScript = "diff \"${PODS_PODFILE_DIR_PATH}/Podfile.lock\" \"${PODS_ROOT}/Manifest.lock\" > /dev/null\nif [ $? != 0 ] ; then\n    # print error to STDERR\n    echo \"error: The sandbox is not in sync with the Podfile.lock. Run 'pod install' or update your CocoaPods installation.\" >&2\n    exit 1\nfi\n# This output is used by Xcode 'outputs' to avoid re-running this script phase.\necho \"SUCCESS\" > \"${SCRIPT_OUTPUT_FILE_0}\"\n";
			showEnvVarsInLog = 0;
		};
/* End PBXShellScriptBuildPhase section */

/* Begin PBXSourcesBuildPhase section */
		D614CF10253D3A2200A1D098 /* Sources */ = {
			isa = PBXSourcesBuildPhase;
			buildActionMask = 2147483647;
			files = (
				D614CF1C253D3A2200A1D098 /* ViewController.swift in Sources */,
				D614CF18253D3A2200A1D098 /* AppDelegate.swift in Sources */,
				D614CF1A253D3A2200A1D098 /* SceneDelegate.swift in Sources */,
			);
			runOnlyForDeploymentPostprocessing = 0;
		};
		D614CF26253D3A2500A1D098 /* Sources */ = {
			isa = PBXSourcesBuildPhase;
			buildActionMask = 2147483647;
			files = (
				D614CF2F253D3A2500A1D098 /* STMSampleAppTests.swift in Sources */,
			);
			runOnlyForDeploymentPostprocessing = 0;
		};
		D614CF31253D3A2500A1D098 /* Sources */ = {
			isa = PBXSourcesBuildPhase;
			buildActionMask = 2147483647;
			files = (
				D614CF3A253D3A2500A1D098 /* STMSampleAppUITests.swift in Sources */,
			);
			runOnlyForDeploymentPostprocessing = 0;
		};
/* End PBXSourcesBuildPhase section */

/* Begin PBXTargetDependency section */
		D614CF2C253D3A2500A1D098 /* PBXTargetDependency */ = {
			isa = PBXTargetDependency;
			target = D614CF13253D3A2200A1D098 /* STMSampleApp */;
			targetProxy = D614CF2B253D3A2500A1D098 /* PBXContainerItemProxy */;
		};
		D614CF37253D3A2500A1D098 /* PBXTargetDependency */ = {
			isa = PBXTargetDependency;
			target = D614CF13253D3A2200A1D098 /* STMSampleApp */;
			targetProxy = D614CF36253D3A2500A1D098 /* PBXContainerItemProxy */;
		};
/* End PBXTargetDependency section */

/* Begin PBXVariantGroup section */
		D614CF1D253D3A2200A1D098 /* Main.storyboard */ = {
			isa = PBXVariantGroup;
			children = (
				D614CF1E253D3A2200A1D098 /* Base */,
			);
			name = Main.storyboard;
			sourceTree = "<group>";
		};
		D614CF22253D3A2400A1D098 /* LaunchScreen.storyboard */ = {
			isa = PBXVariantGroup;
			children = (
				D614CF23253D3A2400A1D098 /* Base */,
			);
			name = LaunchScreen.storyboard;
			sourceTree = "<group>";
		};
/* End PBXVariantGroup section */

/* Begin XCBuildConfiguration section */
		D614CF3C253D3A2500A1D098 /* Debug */ = {
			isa = XCBuildConfiguration;
			buildSettings = {
				ALWAYS_SEARCH_USER_PATHS = NO;
				CLANG_ANALYZER_NONNULL = YES;
				CLANG_ANALYZER_NUMBER_OBJECT_CONVERSION = YES_AGGRESSIVE;
				CLANG_CXX_LANGUAGE_STANDARD = "gnu++14";
				CLANG_CXX_LIBRARY = "libc++";
				CLANG_ENABLE_MODULES = YES;
				CLANG_ENABLE_OBJC_ARC = YES;
				CLANG_ENABLE_OBJC_WEAK = YES;
				CLANG_WARN_BLOCK_CAPTURE_AUTORELEASING = YES;
				CLANG_WARN_BOOL_CONVERSION = YES;
				CLANG_WARN_COMMA = YES;
				CLANG_WARN_CONSTANT_CONVERSION = YES;
				CLANG_WARN_DEPRECATED_OBJC_IMPLEMENTATIONS = YES;
				CLANG_WARN_DIRECT_OBJC_ISA_USAGE = YES_ERROR;
				CLANG_WARN_DOCUMENTATION_COMMENTS = YES;
				CLANG_WARN_EMPTY_BODY = YES;
				CLANG_WARN_ENUM_CONVERSION = YES;
				CLANG_WARN_INFINITE_RECURSION = YES;
				CLANG_WARN_INT_CONVERSION = YES;
				CLANG_WARN_NON_LITERAL_NULL_CONVERSION = YES;
				CLANG_WARN_OBJC_IMPLICIT_RETAIN_SELF = YES;
				CLANG_WARN_OBJC_LITERAL_CONVERSION = YES;
				CLANG_WARN_OBJC_ROOT_CLASS = YES_ERROR;
				CLANG_WARN_QUOTED_INCLUDE_IN_FRAMEWORK_HEADER = YES;
				CLANG_WARN_RANGE_LOOP_ANALYSIS = YES;
				CLANG_WARN_STRICT_PROTOTYPES = YES;
				CLANG_WARN_SUSPICIOUS_MOVE = YES;
				CLANG_WARN_UNGUARDED_AVAILABILITY = YES_AGGRESSIVE;
				CLANG_WARN_UNREACHABLE_CODE = YES;
				CLANG_WARN__DUPLICATE_METHOD_MATCH = YES;
				COPY_PHASE_STRIP = NO;
				DEBUG_INFORMATION_FORMAT = dwarf;
				ENABLE_STRICT_OBJC_MSGSEND = YES;
				ENABLE_TESTABILITY = YES;
				GCC_C_LANGUAGE_STANDARD = gnu11;
				GCC_DYNAMIC_NO_PIC = NO;
				GCC_NO_COMMON_BLOCKS = YES;
				GCC_OPTIMIZATION_LEVEL = 0;
				GCC_PREPROCESSOR_DEFINITIONS = (
					"DEBUG=1",
					"$(inherited)",
				);
				GCC_WARN_64_TO_32_BIT_CONVERSION = YES;
				GCC_WARN_ABOUT_RETURN_TYPE = YES_ERROR;
				GCC_WARN_UNDECLARED_SELECTOR = YES;
				GCC_WARN_UNINITIALIZED_AUTOS = YES_AGGRESSIVE;
				GCC_WARN_UNUSED_FUNCTION = YES;
				GCC_WARN_UNUSED_VARIABLE = YES;
				IPHONEOS_DEPLOYMENT_TARGET = 14.0;
				MTL_ENABLE_DEBUG_INFO = INCLUDE_SOURCE;
				MTL_FAST_MATH = YES;
				ONLY_ACTIVE_ARCH = YES;
				SDKROOT = iphoneos;
				SWIFT_ACTIVE_COMPILATION_CONDITIONS = DEBUG;
				SWIFT_OPTIMIZATION_LEVEL = "-Onone";
			};
			name = Debug;
		};
		D614CF3D253D3A2500A1D098 /* Release */ = {
			isa = XCBuildConfiguration;
			buildSettings = {
				ALWAYS_SEARCH_USER_PATHS = NO;
				CLANG_ANALYZER_NONNULL = YES;
				CLANG_ANALYZER_NUMBER_OBJECT_CONVERSION = YES_AGGRESSIVE;
				CLANG_CXX_LANGUAGE_STANDARD = "gnu++14";
				CLANG_CXX_LIBRARY = "libc++";
				CLANG_ENABLE_MODULES = YES;
				CLANG_ENABLE_OBJC_ARC = YES;
				CLANG_ENABLE_OBJC_WEAK = YES;
				CLANG_WARN_BLOCK_CAPTURE_AUTORELEASING = YES;
				CLANG_WARN_BOOL_CONVERSION = YES;
				CLANG_WARN_COMMA = YES;
				CLANG_WARN_CONSTANT_CONVERSION = YES;
				CLANG_WARN_DEPRECATED_OBJC_IMPLEMENTATIONS = YES;
				CLANG_WARN_DIRECT_OBJC_ISA_USAGE = YES_ERROR;
				CLANG_WARN_DOCUMENTATION_COMMENTS = YES;
				CLANG_WARN_EMPTY_BODY = YES;
				CLANG_WARN_ENUM_CONVERSION = YES;
				CLANG_WARN_INFINITE_RECURSION = YES;
				CLANG_WARN_INT_CONVERSION = YES;
				CLANG_WARN_NON_LITERAL_NULL_CONVERSION = YES;
				CLANG_WARN_OBJC_IMPLICIT_RETAIN_SELF = YES;
				CLANG_WARN_OBJC_LITERAL_CONVERSION = YES;
				CLANG_WARN_OBJC_ROOT_CLASS = YES_ERROR;
				CLANG_WARN_QUOTED_INCLUDE_IN_FRAMEWORK_HEADER = YES;
				CLANG_WARN_RANGE_LOOP_ANALYSIS = YES;
				CLANG_WARN_STRICT_PROTOTYPES = YES;
				CLANG_WARN_SUSPICIOUS_MOVE = YES;
				CLANG_WARN_UNGUARDED_AVAILABILITY = YES_AGGRESSIVE;
				CLANG_WARN_UNREACHABLE_CODE = YES;
				CLANG_WARN__DUPLICATE_METHOD_MATCH = YES;
				COPY_PHASE_STRIP = NO;
				DEBUG_INFORMATION_FORMAT = "dwarf-with-dsym";
				ENABLE_NS_ASSERTIONS = NO;
				ENABLE_STRICT_OBJC_MSGSEND = YES;
				GCC_C_LANGUAGE_STANDARD = gnu11;
				GCC_NO_COMMON_BLOCKS = YES;
				GCC_WARN_64_TO_32_BIT_CONVERSION = YES;
				GCC_WARN_ABOUT_RETURN_TYPE = YES_ERROR;
				GCC_WARN_UNDECLARED_SELECTOR = YES;
				GCC_WARN_UNINITIALIZED_AUTOS = YES_AGGRESSIVE;
				GCC_WARN_UNUSED_FUNCTION = YES;
				GCC_WARN_UNUSED_VARIABLE = YES;
				IPHONEOS_DEPLOYMENT_TARGET = 14.0;
				MTL_ENABLE_DEBUG_INFO = NO;
				MTL_FAST_MATH = YES;
				SDKROOT = iphoneos;
				SWIFT_COMPILATION_MODE = wholemodule;
				SWIFT_OPTIMIZATION_LEVEL = "-O";
				VALIDATE_PRODUCT = YES;
			};
			name = Release;
		};
		D614CF3F253D3A2500A1D098 /* Debug */ = {
			isa = XCBuildConfiguration;
			baseConfigurationReference = FF0C723DF064E683ABE372C4 /* Pods-STMSampleApp.debug.xcconfig */;
			buildSettings = {
				ASSETCATALOG_COMPILER_APPICON_NAME = AppIcon;
				ASSETCATALOG_COMPILER_GLOBAL_ACCENT_COLOR_NAME = AccentColor;
				CODE_SIGN_STYLE = Automatic;
				INFOPLIST_FILE = STMSampleApp/Info.plist;
				LD_RUNPATH_SEARCH_PATHS = (
					"$(inherited)",
					"@executable_path/Frameworks",
				);
				PRODUCT_BUNDLE_IDENTIFIER = Anonymous.STMSampleApp;
				PRODUCT_NAME = "$(TARGET_NAME)";
				SWIFT_VERSION = 5.0;
				TARGETED_DEVICE_FAMILY = "1,2";
			};
			name = Debug;
		};
		D614CF40253D3A2500A1D098 /* Release */ = {
			isa = XCBuildConfiguration;
			baseConfigurationReference = 587BA00C1B7A47A0A5CA1018 /* Pods-STMSampleApp.release.xcconfig */;
			buildSettings = {
				ASSETCATALOG_COMPILER_APPICON_NAME = AppIcon;
				ASSETCATALOG_COMPILER_GLOBAL_ACCENT_COLOR_NAME = AccentColor;
				CODE_SIGN_STYLE = Automatic;
				INFOPLIST_FILE = STMSampleApp/Info.plist;
				LD_RUNPATH_SEARCH_PATHS = (
					"$(inherited)",
					"@executable_path/Frameworks",
				);
				PRODUCT_BUNDLE_IDENTIFIER = Anonymous.STMSampleApp;
				PRODUCT_NAME = "$(TARGET_NAME)";
				SWIFT_VERSION = 5.0;
				TARGETED_DEVICE_FAMILY = "1,2";
			};
			name = Release;
		};
		D614CF42253D3A2500A1D098 /* Debug */ = {
			isa = XCBuildConfiguration;
			baseConfigurationReference = E6C9AC3CA8DA1D2690F2C306 /* Pods-STMSampleAppTests.debug.xcconfig */;
			buildSettings = {
				ALWAYS_EMBED_SWIFT_STANDARD_LIBRARIES = YES;
				BUNDLE_LOADER = "$(TEST_HOST)";
				CODE_SIGN_STYLE = Automatic;
				INFOPLIST_FILE = STMSampleAppTests/Info.plist;
				IPHONEOS_DEPLOYMENT_TARGET = 14.0;
				LD_RUNPATH_SEARCH_PATHS = (
					"$(inherited)",
					"@executable_path/Frameworks",
					"@loader_path/Frameworks",
				);
				PRODUCT_BUNDLE_IDENTIFIER = Anonymous.STMSampleAppTests;
				PRODUCT_NAME = "$(TARGET_NAME)";
				SWIFT_VERSION = 5.0;
				TARGETED_DEVICE_FAMILY = "1,2";
				TEST_HOST = "$(BUILT_PRODUCTS_DIR)/STMSampleApp.app/STMSampleApp";
			};
			name = Debug;
		};
		D614CF43253D3A2500A1D098 /* Release */ = {
			isa = XCBuildConfiguration;
			baseConfigurationReference = 61862CC6327646512127E583 /* Pods-STMSampleAppTests.release.xcconfig */;
			buildSettings = {
				ALWAYS_EMBED_SWIFT_STANDARD_LIBRARIES = YES;
				BUNDLE_LOADER = "$(TEST_HOST)";
				CODE_SIGN_STYLE = Automatic;
				INFOPLIST_FILE = STMSampleAppTests/Info.plist;
				IPHONEOS_DEPLOYMENT_TARGET = 14.0;
				LD_RUNPATH_SEARCH_PATHS = (
					"$(inherited)",
					"@executable_path/Frameworks",
					"@loader_path/Frameworks",
				);
				PRODUCT_BUNDLE_IDENTIFIER = Anonymous.STMSampleAppTests;
				PRODUCT_NAME = "$(TARGET_NAME)";
				SWIFT_VERSION = 5.0;
				TARGETED_DEVICE_FAMILY = "1,2";
				TEST_HOST = "$(BUILT_PRODUCTS_DIR)/STMSampleApp.app/STMSampleApp";
			};
			name = Release;
		};
		D614CF45253D3A2500A1D098 /* Debug */ = {
			isa = XCBuildConfiguration;
			baseConfigurationReference = 148639125A024263366C79A9 /* Pods-STMSampleApp-STMSampleAppUITests.debug.xcconfig */;
			buildSettings = {
				ALWAYS_EMBED_SWIFT_STANDARD_LIBRARIES = YES;
				CODE_SIGN_STYLE = Automatic;
				INFOPLIST_FILE = STMSampleAppUITests/Info.plist;
				LD_RUNPATH_SEARCH_PATHS = (
					"$(inherited)",
					"@executable_path/Frameworks",
					"@loader_path/Frameworks",
				);
				PRODUCT_BUNDLE_IDENTIFIER = Anonymous.STMSampleAppUITests;
				PRODUCT_NAME = "$(TARGET_NAME)";
				SWIFT_VERSION = 5.0;
				TARGETED_DEVICE_FAMILY = "1,2";
				TEST_TARGET_NAME = STMSampleApp;
			};
			name = Debug;
		};
		D614CF46253D3A2500A1D098 /* Release */ = {
			isa = XCBuildConfiguration;
			baseConfigurationReference = 9A858926C5950230C3CCAA9C /* Pods-STMSampleApp-STMSampleAppUITests.release.xcconfig */;
			buildSettings = {
				ALWAYS_EMBED_SWIFT_STANDARD_LIBRARIES = YES;
				CODE_SIGN_STYLE = Automatic;
				INFOPLIST_FILE = STMSampleAppUITests/Info.plist;
				LD_RUNPATH_SEARCH_PATHS = (
					"$(inherited)",
					"@executable_path/Frameworks",
					"@loader_path/Frameworks",
				);
				PRODUCT_BUNDLE_IDENTIFIER = Anonymous.STMSampleAppUITests;
				PRODUCT_NAME = "$(TARGET_NAME)";
				SWIFT_VERSION = 5.0;
				TARGETED_DEVICE_FAMILY = "1,2";
				TEST_TARGET_NAME = STMSampleApp;
			};
			name = Release;
		};
/* End XCBuildConfiguration section */

/* Begin XCConfigurationList section */
		D614CF0F253D3A2200A1D098 /* Build configuration list for PBXProject "STMSampleApp" */ = {
			isa = XCConfigurationList;
			buildConfigurations = (
				D614CF3C253D3A2500A1D098 /* Debug */,
				D614CF3D253D3A2500A1D098 /* Release */,
			);
			defaultConfigurationIsVisible = 0;
			defaultConfigurationName = Release;
		};
		D614CF3E253D3A2500A1D098 /* Build configuration list for PBXNativeTarget "STMSampleApp" */ = {
			isa = XCConfigurationList;
			buildConfigurations = (
				D614CF3F253D3A2500A1D098 /* Debug */,
				D614CF40253D3A2500A1D098 /* Release */,
			);
			defaultConfigurationIsVisible = 0;
			defaultConfigurationName = Release;
		};
		D614CF41253D3A2500A1D098 /* Build configuration list for PBXNativeTarget "STMSampleAppTests" */ = {
			isa = XCConfigurationList;
			buildConfigurations = (
				D614CF42253D3A2500A1D098 /* Debug */,
				D614CF43253D3A2500A1D098 /* Release */,
			);
			defaultConfigurationIsVisible = 0;
			defaultConfigurationName = Release;
		};
		D614CF44253D3A2500A1D098 /* Build configuration list for PBXNativeTarget "STMSampleAppUITests" */ = {
			isa = XCConfigurationList;
			buildConfigurations = (
				D614CF45253D3A2500A1D098 /* Debug */,
				D614CF46253D3A2500A1D098 /* Release */,
			);
			defaultConfigurationIsVisible = 0;
			defaultConfigurationName = Release;
		};
/* End XCConfigurationList section */
	};
	rootObject = D614CF0C253D3A2200A1D098 /* Project object */;
}
